
Microsoft Visual Studio Solution File, Format Version 12.00
# Visual Studio 15
VisualStudioVersion = 15.0.27130.2027
MinimumVisualStudioVersion = 10.0.40219.1
Project("{8BC9CEB8-8B4A-11D0-8D11-00A0C91BC942}") = "Practica0", "Practica0\Practica0.vcxproj", "{D4C9E4E1-EDDB-4949-AECE-B57B9D91FB44}"
EndProject
Project("{8BC9CEB8-8B4A-11D0-8D11-00A0C91BC942}") = "Practica1", "Practica1\Practica1.vcxproj", "{480D5A94-B1B7-4AD9-9876-D6E1E2A385E4}"
EndProject
Project("{8BC9CEB8-8B4A-11D0-8D11-00A0C91BC942}") = "Practica2", "Practica2\Practica2.vcxproj", "{F10F1500-E816-40D7-AA9D-65A8DA7D21C9}"
EndProject
Project("{8BC9CEB8-8B4A-11D0-8D11-00A0C91BC942}") = "Practica3", "Practica3\Practica3.vcxproj", "{E9BC6218-2A0F-4586-9675-D6A41BF5B1AE}"
EndProject
Project("{8BC9CEB8-8B4A-11D0-8D11-00A0C91BC942}") = "Practica4", "Practica4\Practica4.vcxproj", "{1D2A22AF-84A5-466F-BCA9-6E0248F7D68E}"
EndProject
Project("{8BC9CEB8-8B4A-11D0-8D11-00A0C91BC942}") = "lib", "lib\lib.vcxproj", "{EAA3C156-18BE-4101-AB4C-9A7FFA866783}"
EndProject
Global
	GlobalSection(SolutionConfigurationPlatforms) = preSolution
		Debug|x86 = Debug|x86
		Release|x86 = Release|x86
	EndGlobalSection
	GlobalSection(ProjectConfigurationPlatforms) = postSolution
		{D4C9E4E1-EDDB-4949-AECE-B57B9D91FB44}.Debug|x86.ActiveCfg = Debug|Win32
		{D4C9E4E1-EDDB-4949-AECE-B57B9D91FB44}.Debug|x86.Build.0 = Debug|Win32
		{D4C9E4E1-EDDB-4949-AECE-B57B9D91FB44}.Release|x86.ActiveCfg = Release|Win32
		{D4C9E4E1-EDDB-4949-AECE-B57B9D91FB44}.Release|x86.Build.0 = Release|Win32
		{480D5A94-B1B7-4AD9-9876-D6E1E2A385E4}.Debug|x86.ActiveCfg = Debug|Win32
		{480D5A94-B1B7-4AD9-9876-D6E1E2A385E4}.Debug|x86.Build.0 = Debug|Win32
		{480D5A94-B1B7-4AD9-9876-D6E1E2A385E4}.Release|x86.ActiveCfg = Release|Win32
		{480D5A94-B1B7-4AD9-9876-D6E1E2A385E4}.Release|x86.Build.0 = Release|Win32
		{F10F1500-E816-40D7-AA9D-65A8DA7D21C9}.Debug|x86.ActiveCfg = Debug|Win32
		{F10F1500-E816-40D7-AA9D-65A8DA7D21C9}.Debug|x86.Build.0 = Debug|Win32
		{F10F1500-E816-40D7-AA9D-65A8DA7D21C9}.Release|x86.ActiveCfg = Release|Win32
		{F10F1500-E816-40D7-AA9D-65A8DA7D21C9}.Release|x86.Build.0 = Release|Win32
		{E9BC6218-2A0F-4586-9675-D6A41BF5B1AE}.Debug|x86.ActiveCfg = Debug|Win32
		{E9BC6218-2A0F-4586-9675-D6A41BF5B1AE}.Debug|x86.Build.0 = Debug|Win32
		{E9BC6218-2A0F-4586-9675-D6A41BF5B1AE}.Release|x86.ActiveCfg = Release|Win32
		{E9BC6218-2A0F-4586-9675-D6A41BF5B1AE}.Release|x86.Build.0 = Release|Win32
		{1D2A22AF-84A5-466F-BCA9-6E0248F7D68E}.Debug|x86.ActiveCfg = Debug|Win32
		{1D2A22AF-84A5-466F-BCA9-6E0248F7D68E}.Debug|x86.Build.0 = Debug|Win32
		{1D2A22AF-84A5-466F-BCA9-6E0248F7D68E}.Release|x86.ActiveCfg = Release|Win32
		{1D2A22AF-84A5-466F-BCA9-6E0248F7D68E}.Release|x86.Build.0 = Release|Win32
		{EAA3C156-18BE-4101-AB4C-9A7FFA866783}.Debug|x86.ActiveCfg = Debug|Win32
		{EAA3C156-18BE-4101-AB4C-9A7FFA866783}.Debug|x86.Build.0 = Debug|Win32
		{EAA3C156-18BE-4101-AB4C-9A7FFA866783}.Release|x86.ActiveCfg = Release|Win32
		{EAA3C156-18BE-4101-AB4C-9A7FFA866783}.Release|x86.Build.0 = Release|Win32
	EndGlobalSection
	GlobalSection(SolutionProperties) = preSolution
		HideSolutionNode = FALSE
	EndGlobalSection
	GlobalSection(ExtensibilityGlobals) = postSolution
		SolutionGuid = {E10B04D1-5C91-466B-A412-5095AB35407F}
	EndGlobalSection
EndGlobal
